PODS:
  - GitHubActionPodDemo (0.1.0)
  - Nimble (7.3.4)
  - Quick (1.2.0)

DEPENDENCIES:
  - GitHubActionPodDemo (from `../`)
  - Nimble (~> 7.0)
  - Quick (~> 1.2.0)

SPEC REPOS:
  https://github.com/cocoapods/specs.git:
    - Nimble
    - Quick

EXTERNAL SOURCES:
  GitHubActionPodDemo:
    :path: "../"

SPEC CHECKSUMS:
  GitHubActionPodDemo: 496a046730a09617554cd3baff013461883c30e0
  Nimble: 051e3d8912d40138fa5591c78594f95fb172af37
  Quick: 58d203b1c5e27fff7229c4c1ae445ad7069a7a08

PODFILE CHECKSUM: 92eecf9537c1acf2278681e352fc42e46db04f9c

COCOAPODS: 1.7.5
